
Microsoft Visual Studio Solution File, Format Version 12.00
# Visual Studio Version 17
VisualStudioVersion = 17.9.34607.119
MinimumVisualStudioVersion = 10.0.40219.1
Project("{FAE04EC0-301F-11D3-BF4B-00C04F79EFBC}") = "ClubInterface", "ClubInterface.csproj", "{998A3ECD-BB4C-4C1F-AFD9-125EF8597711}"
EndProject
Global
	GlobalSection(SolutionConfigurationPlatforms) = preSolution
		Debug|Any CPU = Debug|Any CPU
		Release|Any CPU = Release|Any CPU
	EndGlobalSection
	GlobalSection(ProjectConfigurationPlatforms) = postSolution
		{998A3ECD-BB4C-4C1F-AFD9-125EF8597711}.Debug|Any CPU.ActiveCfg = Debug|Any CPU
		{998A3ECD-BB4C-4C1F-AFD9-125EF8597711}.Debug|Any CPU.Build.0 = Debug|Any CPU
		{998A3ECD-BB4C-4C1F-AFD9-125EF8597711}.Release|Any CPU.ActiveCfg = Release|Any CPU
		{998A3ECD-BB4C-4C1F-AFD9-125EF8597711}.Release|Any CPU.Build.0 = Release|Any CPU
	EndGlobalSection
	GlobalSection(SolutionProperties) = preSolution
		HideSolutionNode = FALSE
	EndGlobalSection
	GlobalSection(ExtensibilityGlobals) = postSolution
		SolutionGuid = {0F9CA91F-E6F7-46E0-B521-D8C001D0AF8A}
	EndGlobalSection
EndGlobal
